
Microsoft Visual Studio Solution File, Format Version 12.00
# Visual Studio Version 16
VisualStudioVersion = 16.0.30309.148
MinimumVisualStudioVersion = 10.0.40219.1
Project("{FAE04EC0-301F-11D3-BF4B-00C04F79EFBC}") = "operaciones B", "operaciones B.csproj", "{DEC0CAE6-42F1-4342-80E4-931BF7E1766C}"
EndProject
Global
	GlobalSection(SolutionConfigurationPlatforms) = preSolution
		Debug|Any CPU = Debug|Any CPU
		Release|Any CPU = Release|Any CPU
	EndGlobalSection
	GlobalSection(ProjectConfigurationPlatforms) = postSolution
		{DEC0CAE6-42F1-4342-80E4-931BF7E1766C}.Debug|Any CPU.ActiveCfg = Debug|Any CPU
		{DEC0CAE6-42F1-4342-80E4-931BF7E1766C}.Debug|Any CPU.Build.0 = Debug|Any CPU
		{DEC0CAE6-42F1-4342-80E4-931BF7E1766C}.Release|Any CPU.ActiveCfg = Release|Any CPU
		{DEC0CAE6-42F1-4342-80E4-931BF7E1766C}.Release|Any CPU.Build.0 = Release|Any CPU
	EndGlobalSection
	GlobalSection(SolutionProperties) = preSolution
		HideSolutionNode = FALSE
	EndGlobalSection
	GlobalSection(ExtensibilityGlobals) = postSolution
		SolutionGuid = {7903253D-F84E-48FD-829A-F369CEFAEC91}
	EndGlobalSection
EndGlobal
